// !$*UTF8*$!
{
	archiveVersion = 1;
	classes = {
	};
	objectVersion = 51;
	objects = {

/* Begin PBXBuildFile section */
		04A5D852D14D7A84C4CEF8F6 /* Pods_Infrastructure.framework in Frameworks */ = {isa = PBXBuildFile; fileRef = ABC8132F8B14D68657765110 /* Pods_Infrastructure.framework */; };
		80BCDE7924B25D41003AECFF /* OpenWeatherAPI.swift in Sources */ = {isa = PBXBuildFile; fileRef = 80BCDE7824B25D41003AECFF /* OpenWeatherAPI.swift */; };
		80BCDE8324B27585003AECFF /* ServiceError.swift in Sources */ = {isa = PBXBuildFile; fileRef = 80BCDE8224B27585003AECFF /* ServiceError.swift */; };
		80BCDE8524B275A6003AECFF /* BaseService.swift in Sources */ = {isa = PBXBuildFile; fileRef = 80BCDE8424B275A6003AECFF /* BaseService.swift */; };
		80BCDEB924B2935D003AECFF /* InfrastructureTests.swift in Sources */ = {isa = PBXBuildFile; fileRef = 80BCDEB824B2935D003AECFF /* InfrastructureTests.swift */; };
		80BCDEBB24B2935D003AECFF /* Infrastructure.framework in Frameworks */ = {isa = PBXBuildFile; fileRef = 804830BB24AFA1C5007533BC /* Infrastructure.framework */; };
		B0EDAEEA3CA1433E2C250745 /* Pods_Infrastructure_InfrastructureTests.framework in Frameworks */ = {isa = PBXBuildFile; fileRef = 04EEDF3A7522A15FDB8ED7B7 /* Pods_Infrastructure_InfrastructureTests.framework */; };
/* End PBXBuildFile section */

/* Begin PBXContainerItemProxy section */
		80BCDEBC24B2935D003AECFF /* PBXContainerItemProxy */ = {
			isa = PBXContainerItemProxy;
			containerPortal = 804830B224AFA1C5007533BC /* Project object */;
			proxyType = 1;
			remoteGlobalIDString = 804830BA24AFA1C5007533BC;
			remoteInfo = Infrastructure;
		};
/* End PBXContainerItemProxy section */

/* Begin PBXFileReference section */
		04EEDF3A7522A15FDB8ED7B7 /* Pods_Infrastructure_InfrastructureTests.framework */ = {isa = PBXFileReference; explicitFileType = wrapper.framework; includeInIndex = 0; path = Pods_Infrastructure_InfrastructureTests.framework; sourceTree = BUILT_PRODUCTS_DIR; };
		07D8544D96C39F8813D39B34 /* Pods-Infrastructure-InfrastructureTests.release.xcconfig */ = {isa = PBXFileReference; includeInIndex = 1; lastKnownFileType = text.xcconfig; name = "Pods-Infrastructure-InfrastructureTests.release.xcconfig"; path = "Target Support Files/Pods-Infrastructure-InfrastructureTests/Pods-Infrastructure-InfrastructureTests.release.xcconfig"; sourceTree = "<group>"; };
		251090118FCC9C9CA4EB3A51 /* Pods-Infrastructure-InfrastructureTests.debug.xcconfig */ = {isa = PBXFileReference; includeInIndex = 1; lastKnownFileType = text.xcconfig; name = "Pods-Infrastructure-InfrastructureTests.debug.xcconfig"; path = "Target Support Files/Pods-Infrastructure-InfrastructureTests/Pods-Infrastructure-InfrastructureTests.debug.xcconfig"; sourceTree = "<group>"; };
		2AB9B0119A78EAFA54B30B7E /* Pods-InfrastructureTests.release.xcconfig */ = {isa = PBXFileReference; includeInIndex = 1; lastKnownFileType = text.xcconfig; name = "Pods-InfrastructureTests.release.xcconfig"; path = "Target Support Files/Pods-InfrastructureTests/Pods-InfrastructureTests.release.xcconfig"; sourceTree = "<group>"; };
		804830BB24AFA1C5007533BC /* Infrastructure.framework */ = {isa = PBXFileReference; explicitFileType = wrapper.framework; includeInIndex = 0; path = Infrastructure.framework; sourceTree = BUILT_PRODUCTS_DIR; };
		804830BF24AFA1C5007533BC /* Info.plist */ = {isa = PBXFileReference; lastKnownFileType = text.plist.xml; path = Info.plist; sourceTree = "<group>"; };
		80BCDE7824B25D41003AECFF /* OpenWeatherAPI.swift */ = {isa = PBXFileReference; lastKnownFileType = sourcecode.swift; path = OpenWeatherAPI.swift; sourceTree = "<group>"; };
		80BCDE8224B27585003AECFF /* ServiceError.swift */ = {isa = PBXFileReference; lastKnownFileType = sourcecode.swift; path = ServiceError.swift; sourceTree = "<group>"; };
		80BCDE8424B275A6003AECFF /* BaseService.swift */ = {isa = PBXFileReference; lastKnownFileType = sourcecode.swift; path = BaseService.swift; sourceTree = "<group>"; };
		80BCDEB624B2935D003AECFF /* InfrastructureTests.xctest */ = {isa = PBXFileReference; explicitFileType = wrapper.cfbundle; includeInIndex = 0; path = InfrastructureTests.xctest; sourceTree = BUILT_PRODUCTS_DIR; };
		80BCDEB824B2935D003AECFF /* InfrastructureTests.swift */ = {isa = PBXFileReference; lastKnownFileType = sourcecode.swift; path = InfrastructureTests.swift; sourceTree = "<group>"; };
		80BCDEBA24B2935D003AECFF /* Info.plist */ = {isa = PBXFileReference; lastKnownFileType = text.plist.xml; path = Info.plist; sourceTree = "<group>"; };
		80BCDED424B2E824003AECFF /* Domain.framework */ = {isa = PBXFileReference; explicitFileType = wrapper.framework; path = Domain.framework; sourceTree = BUILT_PRODUCTS_DIR; };
		ABC8132F8B14D68657765110 /* Pods_Infrastructure.framework */ = {isa = PBXFileReference; explicitFileType = wrapper.framework; includeInIndex = 0; path = Pods_Infrastructure.framework; sourceTree = BUILT_PRODUCTS_DIR; };
		BBAF1F57CB119D0B855D41CC /* Pods-InfrastructureTests.debug.xcconfig */ = {isa = PBXFileReference; includeInIndex = 1; lastKnownFileType = text.xcconfig; name = "Pods-InfrastructureTests.debug.xcconfig"; path = "Target Support Files/Pods-InfrastructureTests/Pods-InfrastructureTests.debug.xcconfig"; sourceTree = "<group>"; };
		BC8DEAE7D350F96DF4F73D69 /* Pods-Infrastructure.debug.xcconfig */ = {isa = PBXFileReference; includeInIndex = 1; lastKnownFileType = text.xcconfig; name = "Pods-Infrastructure.debug.xcconfig"; path = "Target Support Files/Pods-Infrastructure/Pods-Infrastructure.debug.xcconfig"; sourceTree = "<group>"; };
		CCE7F17691B968C263BCC65C /* Pods-Infrastructure.release.xcconfig */ = {isa = PBXFileReference; includeInIndex = 1; lastKnownFileType = text.xcconfig; name = "Pods-Infrastructure.release.xcconfig"; path = "Target Support Files/Pods-Infrastructure/Pods-Infrastructure.release.xcconfig"; sourceTree = "<group>"; };
/* End PBXFileReference section */

/* Begin PBXFrameworksBuildPhase section */
		804830B824AFA1C5007533BC /* Frameworks */ = {
			isa = PBXFrameworksBuildPhase;
			buildActionMask = 2147483647;
			files = (
				04A5D852D14D7A84C4CEF8F6 /* Pods_Infrastructure.framework in Frameworks */,
			);
			runOnlyForDeploymentPostprocessing = 0;
		};
		80BCDEB324B2935D003AECFF /* Frameworks */ = {
			isa = PBXFrameworksBuildPhase;
			buildActionMask = 2147483647;
			files = (
				80BCDEBB24B2935D003AECFF /* Infrastructure.framework in Frameworks */,
				B0EDAEEA3CA1433E2C250745 /* Pods_Infrastructure_InfrastructureTests.framework in Frameworks */,
			);
			runOnlyForDeploymentPostprocessing = 0;
		};
/* End PBXFrameworksBuildPhase section */

/* Begin PBXGroup section */
		31C532F741FBF62430905E6F /* Pods */ = {
			isa = PBXGroup;
			children = (
				BC8DEAE7D350F96DF4F73D69 /* Pods-Infrastructure.debug.xcconfig */,
				CCE7F17691B968C263BCC65C /* Pods-Infrastructure.release.xcconfig */,
				BBAF1F57CB119D0B855D41CC /* Pods-InfrastructureTests.debug.xcconfig */,
				2AB9B0119A78EAFA54B30B7E /* Pods-InfrastructureTests.release.xcconfig */,
				251090118FCC9C9CA4EB3A51 /* Pods-Infrastructure-InfrastructureTests.debug.xcconfig */,
				07D8544D96C39F8813D39B34 /* Pods-Infrastructure-InfrastructureTests.release.xcconfig */,
			);
			name = Pods;
			path = ../Pods;
			sourceTree = "<group>";
		};
		804830B124AFA1C5007533BC = {
			isa = PBXGroup;
			children = (
				804830BD24AFA1C5007533BC /* Infrastructure */,
				80BCDEB724B2935D003AECFF /* InfrastructureTests */,
				804830BC24AFA1C5007533BC /* Products */,
				31C532F741FBF62430905E6F /* Pods */,
				8FF90C7C5E6433BC5482AAF5 /* Frameworks */,
			);
			sourceTree = "<group>";
		};
		804830BC24AFA1C5007533BC /* Products */ = {
			isa = PBXGroup;
			children = (
				804830BB24AFA1C5007533BC /* Infrastructure.framework */,
				80BCDEB624B2935D003AECFF /* InfrastructureTests.xctest */,
			);
			name = Products;
			sourceTree = "<group>";
		};
		804830BD24AFA1C5007533BC /* Infrastructure */ = {
			isa = PBXGroup;
			children = (
				804830BF24AFA1C5007533BC /* Info.plist */,
				80BCDE7824B25D41003AECFF /* OpenWeatherAPI.swift */,
				80BCDE8224B27585003AECFF /* ServiceError.swift */,
				80BCDE8424B275A6003AECFF /* BaseService.swift */,
			);
			path = Infrastructure;
			sourceTree = "<group>";
		};
		80BCDEB724B2935D003AECFF /* InfrastructureTests */ = {
			isa = PBXGroup;
			children = (
				80BCDEB824B2935D003AECFF /* InfrastructureTests.swift */,
				80BCDEBA24B2935D003AECFF /* Info.plist */,
			);
			path = InfrastructureTests;
			sourceTree = "<group>";
		};
		8FF90C7C5E6433BC5482AAF5 /* Frameworks */ = {
			isa = PBXGroup;
			children = (
				80BCDED424B2E824003AECFF /* Domain.framework */,
				ABC8132F8B14D68657765110 /* Pods_Infrastructure.framework */,
				04EEDF3A7522A15FDB8ED7B7 /* Pods_Infrastructure_InfrastructureTests.framework */,
			);
			name = Frameworks;
			sourceTree = "<group>";
		};
/* End PBXGroup section */

/* Begin PBXHeadersBuildPhase section */
		804830B624AFA1C5007533BC /* Headers */ = {
			isa = PBXHeadersBuildPhase;
			buildActionMask = 2147483647;
			files = (
			);
			runOnlyForDeploymentPostprocessing = 0;
		};
/* End PBXHeadersBuildPhase section */

/* Begin PBXNativeTarget section */
		804830BA24AFA1C5007533BC /* Infrastructure */ = {
			isa = PBXNativeTarget;
			buildConfigurationList = 804830CF24AFA1C5007533BC /* Build configuration list for PBXNativeTarget "Infrastructure" */;
			buildPhases = (
				3C967C3BDDC1451F7B23D101 /* [CP] Check Pods Manifest.lock */,
				804830B624AFA1C5007533BC /* Headers */,
				804830B724AFA1C5007533BC /* Sources */,
				804830B824AFA1C5007533BC /* Frameworks */,
				804830B924AFA1C5007533BC /* Resources */,
			);
			buildRules = (
			);
			dependencies = (
			);
			name = Infrastructure;
			productName = Infrastructure;
			productReference = 804830BB24AFA1C5007533BC /* Infrastructure.framework */;
			productType = "com.apple.product-type.framework";
		};
		80BCDEB524B2935D003AECFF /* InfrastructureTests */ = {
			isa = PBXNativeTarget;
			buildConfigurationList = 80BCDEBE24B2935D003AECFF /* Build configuration list for PBXNativeTarget "InfrastructureTests" */;
			buildPhases = (
				04CC7BBAC9AF01CE066EEE0D /* [CP] Check Pods Manifest.lock */,
				80BCDEB224B2935D003AECFF /* Sources */,
				80BCDEB324B2935D003AECFF /* Frameworks */,
				80BCDEB424B2935D003AECFF /* Resources */,
				688093C849FD56F2F215BF4C /* [CP] Embed Pods Frameworks */,
			);
			buildRules = (
			);
			dependencies = (
				80BCDEBD24B2935D003AECFF /* PBXTargetDependency */,
			);
			name = InfrastructureTests;
			productName = InfrastructureTests;
			productReference = 80BCDEB624B2935D003AECFF /* InfrastructureTests.xctest */;
			productType = "com.apple.product-type.bundle.unit-test";
		};
/* End PBXNativeTarget section */

/* Begin PBXProject section */
		804830B224AFA1C5007533BC /* Project object */ = {
			isa = PBXProject;
			attributes = {
				LastSwiftUpdateCheck = 1150;
				LastUpgradeCheck = 1150;
				ORGANIZATIONNAME = randradedasilva;
				TargetAttributes = {
					804830BA24AFA1C5007533BC = {
						CreatedOnToolsVersion = 11.5;
						LastSwiftMigration = 1150;
					};
					80BCDEB524B2935D003AECFF = {
						CreatedOnToolsVersion = 11.5;
					};
				};
			};
			buildConfigurationList = 804830B524AFA1C5007533BC /* Build configuration list for PBXProject "Infrastructure" */;
			compatibilityVersion = "Xcode 9.3";
			developmentRegion = en;
			hasScannedForEncodings = 0;
			knownRegions = (
				en,
				Base,
			);
			mainGroup = 804830B124AFA1C5007533BC;
			productRefGroup = 804830BC24AFA1C5007533BC /* Products */;
			projectDirPath = "";
			projectRoot = "";
			targets = (
				804830BA24AFA1C5007533BC /* Infrastructure */,
				80BCDEB524B2935D003AECFF /* InfrastructureTests */,
			);
		};
/* End PBXProject section */

/* Begin PBXResourcesBuildPhase section */
		804830B924AFA1C5007533BC /* Resources */ = {
			isa = PBXResourcesBuildPhase;
			buildActionMask = 2147483647;
			files = (
			);
			runOnlyForDeploymentPostprocessing = 0;
		};
		80BCDEB424B2935D003AECFF /* Resources */ = {
			isa = PBXResourcesBuildPhase;
			buildActionMask = 2147483647;
			files = (
			);
			runOnlyForDeploymentPostprocessing = 0;
		};
/* End PBXResourcesBuildPhase section */

/* Begin PBXShellScriptBuildPhase section */
		04CC7BBAC9AF01CE066EEE0D /* [CP] Check Pods Manifest.lock */ = {
			isa = PBXShellScriptBuildPhase;
			buildActionMask = 2147483647;
			files = (
			);
			inputFileListPaths = (
			);
			inputPaths = (
				"${PODS_PODFILE_DIR_PATH}/Podfile.lock",
				"${PODS_ROOT}/Manifest.lock",
			);
			name = "[CP] Check Pods Manifest.lock";
			outputFileListPaths = (
			);
			outputPaths = (
				"$(DERIVED_FILE_DIR)/Pods-Infrastructure-InfrastructureTests-checkManifestLockResult.txt",
			);
			runOnlyForDeploymentPostprocessing = 0;
			shellPath = /bin/sh;
			shellScript = "diff \"${PODS_PODFILE_DIR_PATH}/Podfile.lock\" \"${PODS_ROOT}/Manifest.lock\" > /dev/null\nif [ $? != 0 ] ; then\n    # print error to STDERR\n    echo \"error: The sandbox is not in sync with the Podfile.lock. Run 'pod install' or update your CocoaPods installation.\" >&2\n    exit 1\nfi\n# This output is used by Xcode 'outputs' to avoid re-running this script phase.\necho \"SUCCESS\" > \"${SCRIPT_OUTPUT_FILE_0}\"\n";
			showEnvVarsInLog = 0;
		};
		3C967C3BDDC1451F7B23D101 /* [CP] Check Pods Manifest.lock */ = {
			isa = PBXShellScriptBuildPhase;
			buildActionMask = 2147483647;
			files = (
			);
			inputFileListPaths = (
			);
			inputPaths = (
				"${PODS_PODFILE_DIR_PATH}/Podfile.lock",
				"${PODS_ROOT}/Manifest.lock",
			);
			name = "[CP] Check Pods Manifest.lock";
			outputFileListPaths = (
			);
			outputPaths = (
				"$(DERIVED_FILE_DIR)/Pods-Infrastructure-checkManifestLockResult.txt",
			);
			runOnlyForDeploymentPostprocessing = 0;
			shellPath = /bin/sh;
			shellScript = "diff \"${PODS_PODFILE_DIR_PATH}/Podfile.lock\" \"${PODS_ROOT}/Manifest.lock\" > /dev/null\nif [ $? != 0 ] ; then\n    # print error to STDERR\n    echo \"error: The sandbox is not in sync with the Podfile.lock. Run 'pod install' or update your CocoaPods installation.\" >&2\n    exit 1\nfi\n# This output is used by Xcode 'outputs' to avoid re-running this script phase.\necho \"SUCCESS\" > \"${SCRIPT_OUTPUT_FILE_0}\"\n";
			showEnvVarsInLog = 0;
		};
		688093C849FD56F2F215BF4C /* [CP] Embed Pods Frameworks */ = {
			isa = PBXShellScriptBuildPhase;
			buildActionMask = 2147483647;
			files = (
			);
			inputFileListPaths = (
				"${PODS_ROOT}/Target Support Files/Pods-Infrastructure-InfrastructureTests/Pods-Infrastructure-InfrastructureTests-frameworks-${CONFIGURATION}-input-files.xcfilelist",
			);
			name = "[CP] Embed Pods Frameworks";
			outputFileListPaths = (
				"${PODS_ROOT}/Target Support Files/Pods-Infrastructure-InfrastructureTests/Pods-Infrastructure-InfrastructureTests-frameworks-${CONFIGURATION}-output-files.xcfilelist",
			);
			runOnlyForDeploymentPostprocessing = 0;
			shellPath = /bin/sh;
			shellScript = "\"${PODS_ROOT}/Target Support Files/Pods-Infrastructure-InfrastructureTests/Pods-Infrastructure-InfrastructureTests-frameworks.sh\"\n";
			showEnvVarsInLog = 0;
		};
/* End PBXShellScriptBuildPhase section */

/* Begin PBXSourcesBuildPhase section */
		804830B724AFA1C5007533BC /* Sources */ = {
			isa = PBXSourcesBuildPhase;
			buildActionMask = 2147483647;
			files = (
				80BCDE8524B275A6003AECFF /* BaseService.swift in Sources */,
				80BCDE8324B27585003AECFF /* ServiceError.swift in Sources */,
				80BCDE7924B25D41003AECFF /* OpenWeatherAPI.swift in Sources */,
			);
			runOnlyForDeploymentPostprocessing = 0;
		};
		80BCDEB224B2935D003AECFF /* Sources */ = {
			isa = PBXSourcesBuildPhase;
			buildActionMask = 2147483647;
			files = (
				80BCDEB924B2935D003AECFF /* InfrastructureTests.swift in Sources */,
			);
			runOnlyForDeploymentPostprocessing = 0;
		};
/* End PBXSourcesBuildPhase section */

/* Begin PBXTargetDependency section */
		80BCDEBD24B2935D003AECFF /* PBXTargetDependency */ = {
			isa = PBXTargetDependency;
			target = 804830BA24AFA1C5007533BC /* Infrastructure */;
			targetProxy = 80BCDEBC24B2935D003AECFF /* PBXContainerItemProxy */;
		};
/* End PBXTargetDependency section */

/* Begin XCBuildConfiguration section */
		804830CD24AFA1C5007533BC /* Debug */ = {
			isa = XCBuildConfiguration;
			buildSettings = {
				ALWAYS_SEARCH_USER_PATHS = NO;
				CLANG_ANALYZER_NONNULL = YES;
				CLANG_ANALYZER_NUMBER_OBJECT_CONVERSION = YES_AGGRESSIVE;
				CLANG_CXX_LANGUAGE_STANDARD = "gnu++14";
				CLANG_CXX_LIBRARY = "libc++";
				CLANG_ENABLE_MODULES = YES;
				CLANG_ENABLE_OBJC_ARC = YES;
				CLANG_ENABLE_OBJC_WEAK = YES;
				CLANG_WARN_BLOCK_CAPTURE_AUTORELEASING = YES;
				CLANG_WARN_BOOL_CONVERSION = YES;
				CLANG_WARN_COMMA = YES;
				CLANG_WARN_CONSTANT_CONVERSION = YES;
				CLANG_WARN_DEPRECATED_OBJC_IMPLEMENTATIONS = YES;
				CLANG_WARN_DIRECT_OBJC_ISA_USAGE = YES_ERROR;
				CLANG_WARN_DOCUMENTATION_COMMENTS = YES;
				CLANG_WARN_EMPTY_BODY = YES;
				CLANG_WARN_ENUM_CONVERSION = YES;
				CLANG_WARN_INFINITE_RECURSION = YES;
				CLANG_WARN_INT_CONVERSION = YES;
				CLANG_WARN_NON_LITERAL_NULL_CONVERSION = YES;
				CLANG_WARN_OBJC_IMPLICIT_RETAIN_SELF = YES;
				CLANG_WARN_OBJC_LITERAL_CONVERSION = YES;
				CLANG_WARN_OBJC_ROOT_CLASS = YES_ERROR;
				CLANG_WARN_RANGE_LOOP_ANALYSIS = YES;
				CLANG_WARN_STRICT_PROTOTYPES = YES;
				CLANG_WARN_SUSPICIOUS_MOVE = YES;
				CLANG_WARN_UNGUARDED_AVAILABILITY = YES_AGGRESSIVE;
				CLANG_WARN_UNREACHABLE_CODE = YES;
				CLANG_WARN__DUPLICATE_METHOD_MATCH = YES;
				COPY_PHASE_STRIP = NO;
				CURRENT_PROJECT_VERSION = 1;
				DEBUG_INFORMATION_FORMAT = dwarf;
				ENABLE_STRICT_OBJC_MSGSEND = YES;
				ENABLE_TESTABILITY = YES;
				GCC_C_LANGUAGE_STANDARD = gnu11;
				GCC_DYNAMIC_NO_PIC = NO;
				GCC_NO_COMMON_BLOCKS = YES;
				GCC_OPTIMIZATION_LEVEL = 0;
				GCC_PREPROCESSOR_DEFINITIONS = (
					"DEBUG=1",
					"$(inherited)",
				);
				GCC_WARN_64_TO_32_BIT_CONVERSION = YES;
				GCC_WARN_ABOUT_RETURN_TYPE = YES_ERROR;
				GCC_WARN_UNDECLARED_SELECTOR = YES;
				GCC_WARN_UNINITIALIZED_AUTOS = YES_AGGRESSIVE;
				GCC_WARN_UNUSED_FUNCTION = YES;
				GCC_WARN_UNUSED_VARIABLE = YES;
				IPHONEOS_DEPLOYMENT_TARGET = 13.0;
				MTL_ENABLE_DEBUG_INFO = INCLUDE_SOURCE;
				MTL_FAST_MATH = YES;
				ONLY_ACTIVE_ARCH = YES;
				SDKROOT = iphoneos;
				SWIFT_ACTIVE_COMPILATION_CONDITIONS = DEBUG;
				SWIFT_OPTIMIZATION_LEVEL = "-Onone";
				VERSIONING_SYSTEM = "apple-generic";
				VERSION_INFO_PREFIX = "";
			};
			name = Debug;
		};
		804830CE24AFA1C5007533BC /* Release */ = {
			isa = XCBuildConfiguration;
			buildSettings = {
				ALWAYS_SEARCH_USER_PATHS = NO;
				CLANG_ANALYZER_NONNULL = YES;
				CLANG_ANALYZER_NUMBER_OBJECT_CONVERSION = YES_AGGRESSIVE;
				CLANG_CXX_LANGUAGE_STANDARD = "gnu++14";
				CLANG_CXX_LIBRARY = "libc++";
				CLANG_ENABLE_MODULES = YES;
				CLANG_ENABLE_OBJC_ARC = YES;
				CLANG_ENABLE_OBJC_WEAK = YES;
				CLANG_WARN_BLOCK_CAPTURE_AUTORELEASING = YES;
				CLANG_WARN_BOOL_CONVERSION = YES;
				CLANG_WARN_COMMA = YES;
				CLANG_WARN_CONSTANT_CONVERSION = YES;
				CLANG_WARN_DEPRECATED_OBJC_IMPLEMENTATIONS = YES;
				CLANG_WARN_DIRECT_OBJC_ISA_USAGE = YES_ERROR;
				CLANG_WARN_DOCUMENTATION_COMMENTS = YES;
				CLANG_WARN_EMPTY_BODY = YES;
				CLANG_WARN_ENUM_CONVERSION = YES;
				CLANG_WARN_INFINITE_RECURSION = YES;
				CLANG_WARN_INT_CONVERSION = YES;
				CLANG_WARN_NON_LITERAL_NULL_CONVERSION = YES;
				CLANG_WARN_OBJC_IMPLICIT_RETAIN_SELF = YES;
				CLANG_WARN_OBJC_LITERAL_CONVERSION = YES;
				CLANG_WARN_OBJC_ROOT_CLASS = YES_ERROR;
				CLANG_WARN_RANGE_LOOP_ANALYSIS = YES;
				CLANG_WARN_STRICT_PROTOTYPES = YES;
				CLANG_WARN_SUSPICIOUS_MOVE = YES;
				CLANG_WARN_UNGUARDED_AVAILABILITY = YES_AGGRESSIVE;
				CLANG_WARN_UNREACHABLE_CODE = YES;
				CLANG_WARN__DUPLICATE_METHOD_MATCH = YES;
				COPY_PHASE_STRIP = NO;
				CURRENT_PROJECT_VERSION = 1;
				DEBUG_INFORMATION_FORMAT = "dwarf-with-dsym";
				ENABLE_NS_ASSERTIONS = NO;
				ENABLE_STRICT_OBJC_MSGSEND = YES;
				GCC_C_LANGUAGE_STANDARD = gnu11;
				GCC_NO_COMMON_BLOCKS = YES;
				GCC_WARN_64_TO_32_BIT_CONVERSION = YES;
				GCC_WARN_ABOUT_RETURN_TYPE = YES_ERROR;
				GCC_WARN_UNDECLARED_SELECTOR = YES;
				GCC_WARN_UNINITIALIZED_AUTOS = YES_AGGRESSIVE;
				GCC_WARN_UNUSED_FUNCTION = YES;
				GCC_WARN_UNUSED_VARIABLE = YES;
				IPHONEOS_DEPLOYMENT_TARGET = 13.0;
				MTL_ENABLE_DEBUG_INFO = NO;
				MTL_FAST_MATH = YES;
				SDKROOT = iphoneos;
				SWIFT_COMPILATION_MODE = wholemodule;
				SWIFT_OPTIMIZATION_LEVEL = "-O";
				VALIDATE_PRODUCT = YES;
				VERSIONING_SYSTEM = "apple-generic";
				VERSION_INFO_PREFIX = "";
			};
			name = Release;
		};
		804830D024AFA1C5007533BC /* Debug */ = {
			isa = XCBuildConfiguration;
			baseConfigurationReference = BC8DEAE7D350F96DF4F73D69 /* Pods-Infrastructure.debug.xcconfig */;
			buildSettings = {
				CLANG_ENABLE_MODULES = YES;
				CODE_SIGN_STYLE = Automatic;
				DEFINES_MODULE = YES;
				DYLIB_COMPATIBILITY_VERSION = 1;
				DYLIB_CURRENT_VERSION = 1;
				DYLIB_INSTALL_NAME_BASE = "@rpath";
				INFOPLIST_FILE = Infrastructure/Info.plist;
				INSTALL_PATH = "$(LOCAL_LIBRARY_DIR)/Frameworks";
				IPHONEOS_DEPLOYMENT_TARGET = 13.0;
				LD_RUNPATH_SEARCH_PATHS = (
					"$(inherited)",
					"@executable_path/Frameworks",
					"@loader_path/Frameworks",
				);
				PRODUCT_BUNDLE_IDENTIFIER = br.rod.Infrastructure;
				PRODUCT_NAME = "$(TARGET_NAME:c99extidentifier)";
				SKIP_INSTALL = YES;
				SWIFT_OPTIMIZATION_LEVEL = "-Onone";
				SWIFT_VERSION = 5.0;
				TARGETED_DEVICE_FAMILY = "1,2";
			};
			name = Debug;
		};
		804830D124AFA1C5007533BC /* Release */ = {
			isa = XCBuildConfiguration;
			baseConfigurationReference = CCE7F17691B968C263BCC65C /* Pods-Infrastructure.release.xcconfig */;
			buildSettings = {
				CLANG_ENABLE_MODULES = YES;
				CODE_SIGN_STYLE = Automatic;
				DEFINES_MODULE = YES;
				DYLIB_COMPATIBILITY_VERSION = 1;
				DYLIB_CURRENT_VERSION = 1;
				DYLIB_INSTALL_NAME_BASE = "@rpath";
				INFOPLIST_FILE = Infrastructure/Info.plist;
				INSTALL_PATH = "$(LOCAL_LIBRARY_DIR)/Frameworks";
				IPHONEOS_DEPLOYMENT_TARGET = 13.0;
				LD_RUNPATH_SEARCH_PATHS = (
					"$(inherited)",
					"@executable_path/Frameworks",
					"@loader_path/Frameworks",
				);
				PRODUCT_BUNDLE_IDENTIFIER = br.rod.Infrastructure;
				PRODUCT_NAME = "$(TARGET_NAME:c99extidentifier)";
				SKIP_INSTALL = YES;
				SWIFT_VERSION = 5.0;
				TARGETED_DEVICE_FAMILY = "1,2";
			};
			name = Release;
		};
		80BCDEBF24B2935D003AECFF /* Debug */ = {
			isa = XCBuildConfiguration;
			baseConfigurationReference = 251090118FCC9C9CA4EB3A51 /* Pods-Infrastructure-InfrastructureTests.debug.xcconfig */;
			buildSettings = {
				CODE_SIGN_STYLE = Automatic;
				INFOPLIST_FILE = InfrastructureTests/Info.plist;
				LD_RUNPATH_SEARCH_PATHS = (
					"$(inherited)",
					"@executable_path/Frameworks",
					"@loader_path/Frameworks",
				);
				PRODUCT_BUNDLE_IDENTIFIER = br.rod.InfrastructureTests;
				PRODUCT_NAME = "$(TARGET_NAME)";
				SWIFT_VERSION = 5.0;
				TARGETED_DEVICE_FAMILY = "1,2";
			};
			name = Debug;
		};
		80BCDEC024B2935D003AECFF /* Release */ = {
			isa = XCBuildConfiguration;
			baseConfigurationReference = 07D8544D96C39F8813D39B34 /* Pods-Infrastructure-InfrastructureTests.release.xcconfig */;
			buildSettings = {
				CODE_SIGN_STYLE = Automatic;
				INFOPLIST_FILE = InfrastructureTests/Info.plist;
				LD_RUNPATH_SEARCH_PATHS = (
					"$(inherited)",
					"@executable_path/Frameworks",
					"@loader_path/Frameworks",
				);
				PRODUCT_BUNDLE_IDENTIFIER = br.rod.InfrastructureTests;
				PRODUCT_NAME = "$(TARGET_NAME)";
				SWIFT_VERSION = 5.0;
				TARGETED_DEVICE_FAMILY = "1,2";
			};
			name = Release;
		};
/* End XCBuildConfiguration section */

/* Begin XCConfigurationList section */
		804830B524AFA1C5007533BC /* Build configuration list for PBXProject "Infrastructure" */ = {
			isa = XCConfigurationList;
			buildConfigurations = (
				804830CD24AFA1C5007533BC /* Debug */,
				804830CE24AFA1C5007533BC /* Release */,
			);
			defaultConfigurationIsVisible = 0;
			defaultConfigurationName = Release;
		};
		804830CF24AFA1C5007533BC /* Build configuration list for PBXNativeTarget "Infrastructure" */ = {
			isa = XCConfigurationList;
			buildConfigurations = (
				804830D024AFA1C5007533BC /* Debug */,
				804830D124AFA1C5007533BC /* Release */,
			);
			defaultConfigurationIsVisible = 0;
			defaultConfigurationName = Release;
		};
		80BCDEBE24B2935D003AECFF /* Build configuration list for PBXNativeTarget "InfrastructureTests" */ = {
			isa = XCConfigurationList;
			buildConfigurations = (
				80BCDEBF24B2935D003AECFF /* Debug */,
				80BCDEC024B2935D003AECFF /* Release */,
			);
			defaultConfigurationIsVisible = 0;
			defaultConfigurationName = Release;
		};
/* End XCConfigurationList section */
	};
	rootObject = 804830B224AFA1C5007533BC /* Project object */;
}
